{
  "object": {
    "pins": [
      {
        "package": "HTTPClient",
        "repositoryURL": "https://github.com/uhooi/swift-http-client",
        "state": {
          "branch": null,
          "revision": "c27a4e600b257b9947943f388e1f0c6ffd4a755b",
          "version": "0.3.0"
        }
      }
    ]
  },
  "version": 1
}
